
Microsoft Visual Studio Solution File, Format Version 12.00
# Visual Studio Version 17
VisualStudioVersion = 17.8.34525.116
MinimumVisualStudioVersion = 10.0.40219.1
Project("{FAE04EC0-301F-11D3-BF4B-00C04F79EFBC}") = "BooksManag_c4", "BooksManag_c4.csproj", "{262B952D-4541-471F-99CB-0C3B56A5A36C}"
EndProject
Global
	GlobalSection(SolutionConfigurationPlatforms) = preSolution
		Debug|Any CPU = Debug|Any CPU
		Release|Any CPU = Release|Any CPU
	EndGlobalSection
	GlobalSection(ProjectConfigurationPlatforms) = postSolution
		{262B952D-4541-471F-99CB-0C3B56A5A36C}.Debug|Any CPU.ActiveCfg = Debug|Any CPU
		{262B952D-4541-471F-99CB-0C3B56A5A36C}.Debug|Any CPU.Build.0 = Debug|Any CPU
		{262B952D-4541-471F-99CB-0C3B56A5A36C}.Release|Any CPU.ActiveCfg = Release|Any CPU
		{262B952D-4541-471F-99CB-0C3B56A5A36C}.Release|Any CPU.Build.0 = Release|Any CPU
	EndGlobalSection
	GlobalSection(SolutionProperties) = preSolution
		HideSolutionNode = FALSE
	EndGlobalSection
	GlobalSection(ExtensibilityGlobals) = postSolution
		SolutionGuid = {B5F0D074-BD7D-4261-AC3B-E6676AD918D6}
	EndGlobalSection
EndGlobal
